
Microsoft Visual Studio Solution File, Format Version 12.00
# Visual Studio Version 17
VisualStudioVersion = 17.3.32929.385
MinimumVisualStudioVersion = 10.0.40219.1
Project("{2150E333-8FDC-42A3-9474-1A3956D46DE8}") = "EN.Telegram", "EN.Telegram", "{C1BD06DE-8FFF-488C-993D-DD915F53C2D4}"
EndProject
Project("{FAE04EC0-301F-11D3-BF4B-00C04F79EFBC}") = "EN.Telegram", "EN.Telegram\EN.Telegram\EN.Telegram.csproj", "{71EAB20E-69A5-4B3E-9C17-A215000FD66A}"
EndProject
Project("{FAE04EC0-301F-11D3-BF4B-00C04F79EFBC}") = "EN.Telegram.Activities", "EN.Telegram\EN.Telegram.Activities\EN.Telegram.Activities.csproj", "{2618ED22-64FE-4ACA-85A8-A0696E0F2CA6}"
EndProject
Project("{FAE04EC0-301F-11D3-BF4B-00C04F79EFBC}") = "EN.Telegram.Activities.Design", "EN.Telegram\EN.Telegram.Activities.Design\EN.Telegram.Activities.Design.csproj", "{034CCF67-6A5C-4F1B-A0FA-9DE0A9C30252}"
EndProject
Project("{2150E333-8FDC-42A3-9474-1A3956D46DE8}") = "Shared", "Shared", "{A43C07B1-F584-421D-95D6-1E70EFDBAD19}"
EndProject
Project("{D954291E-2A0B-460D-934E-DC6B0785DB48}") = "UiPath.Shared.Activities", "Shared\UiPath.Shared.Activities\UiPath.Shared.Activities.shproj", "{4546856D-EA50-45C6-9419-EEEACB5A80AA}"
EndProject
Project("{D954291E-2A0B-460D-934E-DC6B0785DB48}") = "UiPath.Shared.Activities.Design", "Shared\UiPath.Shared.Activities.Design\UiPath.Shared.Activities.Design.shproj", "{DF9C43F0-ADD3-4FBF-995E-84B92F9CBF25}"
EndProject
Global
	GlobalSection(SolutionConfigurationPlatforms) = preSolution
		Debug|Any CPU = Debug|Any CPU
		Release|Any CPU = Release|Any CPU
	EndGlobalSection
	GlobalSection(ProjectConfigurationPlatforms) = postSolution
		{71EAB20E-69A5-4B3E-9C17-A215000FD66A}.Debug|Any CPU.ActiveCfg = Debug|Any CPU
		{71EAB20E-69A5-4B3E-9C17-A215000FD66A}.Debug|Any CPU.Build.0 = Debug|Any CPU
		{71EAB20E-69A5-4B3E-9C17-A215000FD66A}.Release|Any CPU.ActiveCfg = Release|Any CPU
		{71EAB20E-69A5-4B3E-9C17-A215000FD66A}.Release|Any CPU.Build.0 = Release|Any CPU
		{2618ED22-64FE-4ACA-85A8-A0696E0F2CA6}.Debug|Any CPU.ActiveCfg = Debug|Any CPU
		{2618ED22-64FE-4ACA-85A8-A0696E0F2CA6}.Debug|Any CPU.Build.0 = Debug|Any CPU
		{2618ED22-64FE-4ACA-85A8-A0696E0F2CA6}.Release|Any CPU.ActiveCfg = Release|Any CPU
		{2618ED22-64FE-4ACA-85A8-A0696E0F2CA6}.Release|Any CPU.Build.0 = Release|Any CPU
		{034CCF67-6A5C-4F1B-A0FA-9DE0A9C30252}.Debug|Any CPU.ActiveCfg = Debug|Any CPU
		{034CCF67-6A5C-4F1B-A0FA-9DE0A9C30252}.Debug|Any CPU.Build.0 = Debug|Any CPU
		{034CCF67-6A5C-4F1B-A0FA-9DE0A9C30252}.Release|Any CPU.ActiveCfg = Release|Any CPU
		{034CCF67-6A5C-4F1B-A0FA-9DE0A9C30252}.Release|Any CPU.Build.0 = Release|Any CPU
	EndGlobalSection
	GlobalSection(SolutionProperties) = preSolution
		HideSolutionNode = FALSE
	EndGlobalSection
	GlobalSection(NestedProjects) = preSolution
		{71EAB20E-69A5-4B3E-9C17-A215000FD66A} = {C1BD06DE-8FFF-488C-993D-DD915F53C2D4}
		{2618ED22-64FE-4ACA-85A8-A0696E0F2CA6} = {C1BD06DE-8FFF-488C-993D-DD915F53C2D4}
		{034CCF67-6A5C-4F1B-A0FA-9DE0A9C30252} = {C1BD06DE-8FFF-488C-993D-DD915F53C2D4}
		{4546856D-EA50-45C6-9419-EEEACB5A80AA} = {A43C07B1-F584-421D-95D6-1E70EFDBAD19}
		{DF9C43F0-ADD3-4FBF-995E-84B92F9CBF25} = {A43C07B1-F584-421D-95D6-1E70EFDBAD19}
	EndGlobalSection
	GlobalSection(ExtensibilityGlobals) = postSolution
		SolutionGuid = {80195AF2-94DA-4892-A94A-B364F5DDE174}
	EndGlobalSection
	GlobalSection(SharedMSBuildProjectFiles) = preSolution
		Shared\UiPath.Shared.Activities.Design\UiPath.Shared.Activities.Design.projitems*{034ccf67-6a5c-4f1b-a0fa-9de0a9c30252}*SharedItemsImports = 5
		Shared\UiPath.Shared.Activities\UiPath.Shared.Activities.projitems*{2618ed22-64fe-4aca-85a8-a0696e0f2ca6}*SharedItemsImports = 5
		Shared\UiPath.Shared.Activities\UiPath.Shared.Activities.projitems*{4546856d-ea50-45c6-9419-eeeacb5a80aa}*SharedItemsImports = 13
		Shared\UiPath.Shared.Activities.Design\UiPath.Shared.Activities.Design.projitems*{df9c43f0-add3-4fbf-995e-84b92f9cbf25}*SharedItemsImports = 13
	EndGlobalSection
EndGlobal
